dependencies:
- name: elasticsearch
  repository: https://helm.elastic.co
  version: 7.17.3
- name: kibana
  repository: https://helm.elastic.co
  version: 7.17.3
- name: logstash
  repository: https://helm.elastic.co
  version: 7.17.3
- name: filebeat
  repository: https://helm.elastic.co
  version: 7.17.3
digest: sha256:f940369b0695f062f714ff410e12eb0676ae7607df120d7dd80cb7cf33896cbb
generated: "2025-03-27T04:17:18.3586445-07:00"
