dependencies:
- name: elasticsearch
  repository: https://helm.elastic.co
  version: 7.17.3
- name: kibana
  repository: https://helm.elastic.co
  version: 7.17.3
- name: logstash
  repository: https://helm.elastic.co
  version: 7.17.3
digest: sha256:d27b2278bce154d123054b80e1b06fad6d0b9df6e8919b20bff502be14a3dffa
generated: "2025-03-25T21:28:40.2158106-07:00"
